// !$*UTF8*$!
{
	archiveVersion = 1;
	classes = {
	};
	objectVersion = 46;
	objects = {

/* Begin PBXBuildFile section */
		50146B0219E4015B00BFB1E1 /* CoreLocation.framework in Frameworks */ = {isa = PBXBuildFile; fileRef = 50146B0119E4015B00BFB1E1 /* CoreLocation.framework */; };
		50922DBD19E2B50C00FFF874 /* main.m in Sources */ = {isa = PBXBuildFile; fileRef = 50922DBC19E2B50C00FFF874 /* main.m */; };
		50922DC019E2B50C00FFF874 /* AppDelegate.m in Sources */ = {isa = PBXBuildFile; fileRef = 50922DBF19E2B50C00FFF874 /* AppDelegate.m */; };
		50922DC319E2B50C00FFF874 /* CurrentLocationViewController.m in Sources */ = {isa = PBXBuildFile; fileRef = 50922DC219E2B50C00FFF874 /* CurrentLocationViewController.m */; };
		50922DC619E2B50C00FFF874 /* SecondViewController.m in Sources */ = {isa = PBXBuildFile; fileRef = 50922DC519E2B50C00FFF874 /* SecondViewController.m */; };
		50922DC919E2B50C00FFF874 /* Main.storyboard in Resources */ = {isa = PBXBuildFile; fileRef = 50922DC719E2B50C00FFF874 /* Main.storyboard */; };
		50922DCB19E2B50C00FFF874 /* Images.xcassets in Resources */ = {isa = PBXBuildFile; fileRef = 50922DCA19E2B50C00FFF874 /* Images.xcassets */; };
		50922DCE19E2B50C00FFF874 /* LaunchScreen.xib in Resources */ = {isa = PBXBuildFile; fileRef = 50922DCC19E2B50C00FFF874 /* LaunchScreen.xib */; };
		50922DDA19E2B50C00FFF874 /* MyLocationsTests.m in Sources */ = {isa = PBXBuildFile; fileRef = 50922DD919E2B50C00FFF874 /* MyLocationsTests.m */; };
/* End PBXBuildFile section */

/* Begin PBXContainerItemProxy section */
		50922DD419E2B50C00FFF874 /* PBXContainerItemProxy */ = {
			isa = PBXContainerItemProxy;
			containerPortal = 50922DAF19E2B50C00FFF874 /* Project object */;
			proxyType = 1;
			remoteGlobalIDString = 50922DB619E2B50C00FFF874;
			remoteInfo = MyLocations;
		};
/* End PBXContainerItemProxy section */

/* Begin PBXFileReference section */
		50146B0119E4015B00BFB1E1 /* CoreLocation.framework */ = {isa = PBXFileReference; lastKnownFileType = wrapper.framework; name = CoreLocation.framework; path = System/Library/Frameworks/CoreLocation.framework; sourceTree = SDKROOT; };
		50922DB719E2B50C00FFF874 /* MyLocations.app */ = {isa = PBXFileReference; explicitFileType = wrapper.application; includeInIndex = 0; path = MyLocations.app; sourceTree = BUILT_PRODUCTS_DIR; };
		50922DBB19E2B50C00FFF874 /* Info.plist */ = {isa = PBXFileReference; lastKnownFileType = text.plist.xml; path = Info.plist; sourceTree = "<group>"; };
		50922DBC19E2B50C00FFF874 /* main.m */ = {isa = PBXFileReference; lastKnownFileType = sourcecode.c.objc; path = main.m; sourceTree = "<group>"; };
		50922DBE19E2B50C00FFF874 /* AppDelegate.h */ = {isa = PBXFileReference; lastKnownFileType = sourcecode.c.h; path = AppDelegate.h; sourceTree = "<group>"; };
		50922DBF19E2B50C00FFF874 /* AppDelegate.m */ = {isa = PBXFileReference; lastKnownFileType = sourcecode.c.objc; path = AppDelegate.m; sourceTree = "<group>"; };
		50922DC119E2B50C00FFF874 /* CurrentLocationViewController.h */ = {isa = PBXFileReference; lastKnownFileType = sourcecode.c.h; path = CurrentLocationViewController.h; sourceTree = "<group>"; };
		50922DC219E2B50C00FFF874 /* CurrentLocationViewController.m */ = {isa = PBXFileReference; lastKnownFileType = sourcecode.c.objc; path = CurrentLocationViewController.m; sourceTree = "<group>"; };
		50922DC419E2B50C00FFF874 /* SecondViewController.h */ = {isa = PBXFileReference; lastKnownFileType = sourcecode.c.h; path = SecondViewController.h; sourceTree = "<group>"; };
		50922DC519E2B50C00FFF874 /* SecondViewController.m */ = {isa = PBXFileReference; lastKnownFileType = sourcecode.c.objc; path = SecondViewController.m; sourceTree = "<group>"; };
		50922DC819E2B50C00FFF874 /* Base */ = {isa = PBXFileReference; lastKnownFileType = file.storyboard; name = Base; path = Base.lproj/Main.storyboard; sourceTree = "<group>"; };
		50922DCA19E2B50C00FFF874 /* Images.xcassets */ = {isa = PBXFileReference; lastKnownFileType = folder.assetcatalog; path = Images.xcassets; sourceTree = "<group>"; };
		50922DCD19E2B50C00FFF874 /* Base */ = {isa = PBXFileReference; lastKnownFileType = file.xib; name = Base; path = Base.lproj/LaunchScreen.xib; sourceTree = "<group>"; };
		50922DD319E2B50C00FFF874 /* MyLocationsTests.xctest */ = {isa = PBXFileReference; explicitFileType = wrapper.cfbundle; includeInIndex = 0; path = MyLocationsTests.xctest; sourceTree = BUILT_PRODUCTS_DIR; };
		50922DD819E2B50C00FFF874 /* Info.plist */ = {isa = PBXFileReference; lastKnownFileType = text.plist.xml; path = Info.plist; sourceTree = "<group>"; };
		50922DD919E2B50C00FFF874 /* MyLocationsTests.m */ = {isa = PBXFileReference; lastKnownFileType = sourcecode.c.objc; path = MyLocationsTests.m; sourceTree = "<group>"; };
/* End PBXFileReference section */

/* Begin PBXFrameworksBuildPhase section */
		50922DB419E2B50C00FFF874 /* Frameworks */ = {
			isa = PBXFrameworksBuildPhase;
			buildActionMask = 2147483647;
			files = (
				50146B0219E4015B00BFB1E1 /* CoreLocation.framework in Frameworks */,
			);
			runOnlyForDeploymentPostprocessing = 0;
		};
		50922DD019E2B50C00FFF874 /* Frameworks */ = {
			isa = PBXFrameworksBuildPhase;
			buildActionMask = 2147483647;
			files = (
			);
			runOnlyForDeploymentPostprocessing = 0;
		};
/* End PBXFrameworksBuildPhase section */

/* Begin PBXGroup section */
		50922DAE19E2B50C00FFF874 = {
			isa = PBXGroup;
			children = (
				50922DB919E2B50C00FFF874 /* MyLocations */,
				50922DD619E2B50C00FFF874 /* MyLocationsTests */,
				50922DB819E2B50C00FFF874 /* Products */,
			);
			sourceTree = "<group>";
		};
		50922DB819E2B50C00FFF874 /* Products */ = {
			isa = PBXGroup;
			children = (
				50922DB719E2B50C00FFF874 /* MyLocations.app */,
				50922DD319E2B50C00FFF874 /* MyLocationsTests.xctest */,
			);
			name = Products;
			sourceTree = "<group>";
		};
		50922DB919E2B50C00FFF874 /* MyLocations */ = {
			isa = PBXGroup;
			children = (
				50922DBE19E2B50C00FFF874 /* AppDelegate.h */,
				50922DBF19E2B50C00FFF874 /* AppDelegate.m */,
				50922DC119E2B50C00FFF874 /* CurrentLocationViewController.h */,
				50922DC219E2B50C00FFF874 /* CurrentLocationViewController.m */,
				50922DC419E2B50C00FFF874 /* SecondViewController.h */,
				50922DC519E2B50C00FFF874 /* SecondViewController.m */,
				50922DC719E2B50C00FFF874 /* Main.storyboard */,
				50922DCA19E2B50C00FFF874 /* Images.xcassets */,
				50922DCC19E2B50C00FFF874 /* LaunchScreen.xib */,
				50922DBA19E2B50C00FFF874 /* Supporting Files */,
			);
			path = MyLocations;
			sourceTree = "<group>";
		};
		50922DBA19E2B50C00FFF874 /* Supporting Files */ = {
			isa = PBXGroup;
			children = (
				50146B0119E4015B00BFB1E1 /* CoreLocation.framework */,
				50922DBB19E2B50C00FFF874 /* Info.plist */,
				50922DBC19E2B50C00FFF874 /* main.m */,
			);
			name = "Supporting Files";
			sourceTree = "<group>";
		};
		50922DD619E2B50C00FFF874 /* MyLocationsTests */ = {
			isa = PBXGroup;
			children = (
				50922DD919E2B50C00FFF874 /* MyLocationsTests.m */,
				50922DD719E2B50C00FFF874 /* Supporting Files */,
			);
			path = MyLocationsTests;
			sourceTree = "<group>";
		};
		50922DD719E2B50C00FFF874 /* Supporting Files */ = {
			isa = PBXGroup;
			children = (
				50922DD819E2B50C00FFF874 /* Info.plist */,
			);
			name = "Supporting Files";
			sourceTree = "<group>";
		};
/* End PBXGroup section */

/* Begin PBXNativeTarget section */
		50922DB619E2B50C00FFF874 /* MyLocations */ = {
			isa = PBXNativeTarget;
			buildConfigurationList = 50922DDD19E2B50C00FFF874 /* Build configuration list for PBXNativeTarget "MyLocations" */;
			buildPhases = (
				50922DB319E2B50C00FFF874 /* Sources */,
				50922DB419E2B50C00FFF874 /* Frameworks */,
				50922DB519E2B50C00FFF874 /* Resources */,
			);
			buildRules = (
			);
			dependencies = (
			);
			name = MyLocations;
			productName = MyLocations;
			productReference = 50922DB719E2B50C00FFF874 /* MyLocations.app */;
			productType = "com.apple.product-type.application";
		};
		50922DD219E2B50C00FFF874 /* MyLocationsTests */ = {
			isa = PBXNativeTarget;
			buildConfigurationList = 50922DE019E2B50C00FFF874 /* Build configuration list for PBXNativeTarget "MyLocationsTests" */;
			buildPhases = (
				50922DCF19E2B50C00FFF874 /* Sources */,
				50922DD019E2B50C00FFF874 /* Frameworks */,
				50922DD119E2B50C00FFF874 /* Resources */,
			);
			buildRules = (
			);
			dependencies = (
				50922DD519E2B50C00FFF874 /* PBXTargetDependency */,
			);
			name = MyLocationsTests;
			productName = MyLocationsTests;
			productReference = 50922DD319E2B50C00FFF874 /* MyLocationsTests.xctest */;
			productType = "com.apple.product-type.bundle.unit-test";
		};
/* End PBXNativeTarget section */

/* Begin PBXProject section */
		50922DAF19E2B50C00FFF874 /* Project object */ = {
			isa = PBXProject;
			attributes = {
				LastUpgradeCheck = 0600;
				ORGANIZATIONNAME = "Ivan Magda";
				TargetAttributes = {
					50922DB619E2B50C00FFF874 = {
						CreatedOnToolsVersion = 6.0.1;
						SystemCapabilities = {
							com.apple.BackgroundModes = {
								enabled = 0;
							};
						};
					};
					50922DD219E2B50C00FFF874 = {
						CreatedOnToolsVersion = 6.0.1;
						TestTargetID = 50922DB619E2B50C00FFF874;
					};
				};
			};
			buildConfigurationList = 50922DB219E2B50C00FFF874 /* Build configuration list for PBXProject "MyLocations" */;
			compatibilityVersion = "Xcode 3.2";
			developmentRegion = English;
			hasScannedForEncodings = 0;
			knownRegions = (
				en,
				Base,
			);
			mainGroup = 50922DAE19E2B50C00FFF874;
			productRefGroup = 50922DB819E2B50C00FFF874 /* Products */;
			projectDirPath = "";
			projectRoot = "";
			targets = (
				50922DB619E2B50C00FFF874 /* MyLocations */,
				50922DD219E2B50C00FFF874 /* MyLocationsTests */,
			);
		};
/* End PBXProject section */

/* Begin PBXResourcesBuildPhase section */
		50922DB519E2B50C00FFF874 /* Resources */ = {
			isa = PBXResourcesBuildPhase;
			buildActionMask = 2147483647;
			files = (
				50922DC919E2B50C00FFF874 /* Main.storyboard in Resources */,
				50922DCE19E2B50C00FFF874 /* LaunchScreen.xib in Resources */,
				50922DCB19E2B50C00FFF874 /* Images.xcassets in Resources */,
			);
			runOnlyForDeploymentPostprocessing = 0;
		};
		50922DD119E2B50C00FFF874 /* Resources */ = {
			isa = PBXResourcesBuildPhase;
			buildActionMask = 2147483647;
			files = (
			);
			runOnlyForDeploymentPostprocessing = 0;
		};
/* End PBXResourcesBuildPhase section */

/* Begin PBXSourcesBuildPhase section */
		50922DB319E2B50C00FFF874 /* Sources */ = {
			isa = PBXSourcesBuildPhase;
			buildActionMask = 2147483647;
			files = (
				50922DC619E2B50C00FFF874 /* SecondViewController.m in Sources */,
				50922DC019E2B50C00FFF874 /* AppDelegate.m in Sources */,
				50922DC319E2B50C00FFF874 /* CurrentLocationViewController.m in Sources */,
				50922DBD19E2B50C00FFF874 /* main.m in Sources */,
			);
			runOnlyForDeploymentPostprocessing = 0;
		};
		50922DCF19E2B50C00FFF874 /* Sources */ = {
			isa = PBXSourcesBuildPhase;
			buildActionMask = 2147483647;
			files = (
				50922DDA19E2B50C00FFF874 /* MyLocationsTests.m in Sources */,
			);
			runOnlyForDeploymentPostprocessing = 0;
		};
/* End PBXSourcesBuildPhase section */

/* Begin PBXTargetDependency section */
		50922DD519E2B50C00FFF874 /* PBXTargetDependency */ = {
			isa = PBXTargetDependency;
			target = 50922DB619E2B50C00FFF874 /* MyLocations */;
			targetProxy = 50922DD419E2B50C00FFF874 /* PBXContainerItemProxy */;
		};
/* End PBXTargetDependency section */

/* Begin PBXVariantGroup section */
		50922DC719E2B50C00FFF874 /* Main.storyboard */ = {
			isa = PBXVariantGroup;
			children = (
				50922DC819E2B50C00FFF874 /* Base */,
			);
			name = Main.storyboard;
			sourceTree = "<group>";
		};
		50922DCC19E2B50C00FFF874 /* LaunchScreen.xib */ = {
			isa = PBXVariantGroup;
			children = (
				50922DCD19E2B50C00FFF874 /* Base */,
			);
			name = LaunchScreen.xib;
			sourceTree = "<group>";
		};
/* End PBXVariantGroup section */

/* Begin XCBuildConfiguration section */
		50922DDB19E2B50C00FFF874 /* Debug */ = {
			isa = XCBuildConfiguration;
			buildSettings = {
				ALWAYS_SEARCH_USER_PATHS = NO;
				CLANG_CXX_LANGUAGE_STANDARD = "gnu++0x";
				CLANG_CXX_LIBRARY = "libc++";
				CLANG_ENABLE_MODULES = YES;
				CLANG_ENABLE_OBJC_ARC = YES;
				CLANG_WARN_BOOL_CONVERSION = YES;
				CLANG_WARN_CONSTANT_CONVERSION = YES;
				CLANG_WARN_DIRECT_OBJC_ISA_USAGE = YES_ERROR;
				CLANG_WARN_EMPTY_BODY = YES;
				CLANG_WARN_ENUM_CONVERSION = YES;
				CLANG_WARN_INT_CONVERSION = YES;
				CLANG_WARN_OBJC_ROOT_CLASS = YES_ERROR;
				CLANG_WARN_UNREACHABLE_CODE = YES;
				CLANG_WARN__DUPLICATE_METHOD_MATCH = YES;
				"CODE_SIGN_IDENTITY[sdk=iphoneos*]" = "iPhone Developer";
				COPY_PHASE_STRIP = NO;
				ENABLE_STRICT_OBJC_MSGSEND = YES;
				GCC_C_LANGUAGE_STANDARD = gnu99;
				GCC_DYNAMIC_NO_PIC = NO;
				GCC_OPTIMIZATION_LEVEL = 0;
				GCC_PREPROCESSOR_DEFINITIONS = (
					"DEBUG=1",
					"$(inherited)",
				);
				GCC_SYMBOLS_PRIVATE_EXTERN = NO;
				GCC_WARN_64_TO_32_BIT_CONVERSION = YES;
				GCC_WARN_ABOUT_RETURN_TYPE = YES_ERROR;
				GCC_WARN_UNDECLARED_SELECTOR = YES;
				GCC_WARN_UNINITIALIZED_AUTOS = YES_AGGRESSIVE;
				GCC_WARN_UNUSED_FUNCTION = YES;
				GCC_WARN_UNUSED_VARIABLE = YES;
				IPHONEOS_DEPLOYMENT_TARGET = 8.0;
				MTL_ENABLE_DEBUG_INFO = YES;
				ONLY_ACTIVE_ARCH = YES;
				SDKROOT = iphoneos;
			};
			name = Debug;
		};
		50922DDC19E2B50C00FFF874 /* Release */ = {
			isa = XCBuildConfiguration;
			buildSettings = {
				ALWAYS_SEARCH_USER_PATHS = NO;
				CLANG_CXX_LANGUAGE_STANDARD = "gnu++0x";
				CLANG_CXX_LIBRARY = "libc++";
				CLANG_ENABLE_MODULES = YES;
				CLANG_ENABLE_OBJC_ARC = YES;
				CLANG_WARN_BOOL_CONVERSION = YES;
				CLANG_WARN_CONSTANT_CONVERSION = YES;
				CLANG_WARN_DIRECT_OBJC_ISA_USAGE = YES_ERROR;
				CLANG_WARN_EMPTY_BODY = YES;
				CLANG_WARN_ENUM_CONVERSION = YES;
				CLANG_WARN_INT_CONVERSION = YES;
				CLANG_WARN_OBJC_ROOT_CLASS = YES_ERROR;
				CLANG_WARN_UNREACHABLE_CODE = YES;
				CLANG_WARN__DUPLICATE_METHOD_MATCH = YES;
				"CODE_SIGN_IDENTITY[sdk=iphoneos*]" = "iPhone Developer";
				COPY_PHASE_STRIP = YES;
				ENABLE_NS_ASSERTIONS = NO;
				ENABLE_STRICT_OBJC_MSGSEND = YES;
				GCC_C_LANGUAGE_STANDARD = gnu99;
				GCC_WARN_64_TO_32_BIT_CONVERSION = YES;
				GCC_WARN_ABOUT_RETURN_TYPE = YES_ERROR;
				GCC_WARN_UNDECLARED_SELECTOR = YES;
				GCC_WARN_UNINITIALIZED_AUTOS = YES_AGGRESSIVE;
				GCC_WARN_UNUSED_FUNCTION = YES;
				GCC_WARN_UNUSED_VARIABLE = YES;
				IPHONEOS_DEPLOYMENT_TARGET = 8.0;
				MTL_ENABLE_DEBUG_INFO = NO;
				SDKROOT = iphoneos;
				VALIDATE_PRODUCT = YES;
			};
			name = Release;
		};
		50922DDE19E2B50C00FFF874 /* Debug */ = {
			isa = XCBuildConfiguration;
			buildSettings = {
				ASSETCATALOG_COMPILER_APPICON_NAME = AppIcon;
				INFOPLIST_FILE = MyLocations/Info.plist;
				IPHONEOS_DEPLOYMENT_TARGET = 8.0;
				LD_RUNPATH_SEARCH_PATHS = "$(inherited) @executable_path/Frameworks";
				PRODUCT_NAME = "$(TARGET_NAME)";
			};
			name = Debug;
		};
		50922DDF19E2B50C00FFF874 /* Release */ = {
			isa = XCBuildConfiguration;
			buildSettings = {
				ASSETCATALOG_COMPILER_APPICON_NAME = AppIcon;
				INFOPLIST_FILE = MyLocations/Info.plist;
				IPHONEOS_DEPLOYMENT_TARGET = 8.0;
				LD_RUNPATH_SEARCH_PATHS = "$(inherited) @executable_path/Frameworks";
				PRODUCT_NAME = "$(TARGET_NAME)";
			};
			name = Release;
		};
		50922DE119E2B50C00FFF874 /* Debug */ = {
			isa = XCBuildConfiguration;
			buildSettings = {
				BUNDLE_LOADER = "$(TEST_HOST)";
				FRAMEWORK_SEARCH_PATHS = (
					"$(SDKROOT)/Developer/Library/Frameworks",
					"$(inherited)",
				);
				GCC_PREPROCESSOR_DEFINITIONS = (
					"DEBUG=1",
					"$(inherited)",
				);
				INFOPLIST_FILE = MyLocationsTests/Info.plist;
				LD_RUNPATH_SEARCH_PATHS = "$(inherited) @executable_path/Frameworks @loader_path/Frameworks";
				PRODUCT_NAME = "$(TARGET_NAME)";
				TEST_HOST = "$(BUILT_PRODUCTS_DIR)/MyLocations.app/MyLocations";
			};
			name = Debug;
		};
		50922DE219E2B50C00FFF874 /* Release */ = {
			isa = XCBuildConfiguration;
			buildSettings = {
				BUNDLE_LOADER = "$(TEST_HOST)";
				FRAMEWORK_SEARCH_PATHS = (
					"$(SDKROOT)/Developer/Library/Frameworks",
					"$(inherited)",
				);
				INFOPLIST_FILE = MyLocationsTests/Info.plist;
				LD_RUNPATH_SEARCH_PATHS = "$(inherited) @executable_path/Frameworks @loader_path/Frameworks";
				PRODUCT_NAME = "$(TARGET_NAME)";
				TEST_HOST = "$(BUILT_PRODUCTS_DIR)/MyLocations.app/MyLocations";
			};
			name = Release;
		};
/* End XCBuildConfiguration section */

/* Begin XCConfigurationList section */
		50922DB219E2B50C00FFF874 /* Build configuration list for PBXProject "MyLocations" */ = {
			isa = XCConfigurationList;
			buildConfigurations = (
				50922DDB19E2B50C00FFF874 /* Debug */,
				50922DDC19E2B50C00FFF874 /* Release */,
			);
			defaultConfigurationIsVisible = 0;
			defaultConfigurationName = Release;
		};
		50922DDD19E2B50C00FFF874 /* Build configuration list for PBXNativeTarget "MyLocations" */ = {
			isa = XCConfigurationList;
			buildConfigurations = (
				50922DDE19E2B50C00FFF874 /* Debug */,
				50922DDF19E2B50C00FFF874 /* Release */,
			);
			defaultConfigurationIsVisible = 0;
			defaultConfigurationName = Release;
		};
		50922DE019E2B50C00FFF874 /* Build configuration list for PBXNativeTarget "MyLocationsTests" */ = {
			isa = XCConfigurationList;
			buildConfigurations = (
				50922DE119E2B50C00FFF874 /* Debug */,
				50922DE219E2B50C00FFF874 /* Release */,
			);
			defaultConfigurationIsVisible = 0;
			defaultConfigurationName = Release;
		};
/* End XCConfigurationList section */
	};
	rootObject = 50922DAF19E2B50C00FFF874 /* Project object */;
}
